// !$*UTF8*$!
{
	archiveVersion = 1;
	classes = {
	};
	objectVersion = 56;
	objects = {

/* Begin PBXBuildFile section */
		A1000000000000000000B001 /* MaekbeatApp.swift in Sources */ = {isa = PBXBuildFile; fileRef = A1000000000000000000A001 /* MaekbeatApp.swift */; };
		A1000000000000000000B002 /* MaekbeatKit in Frameworks */ = {isa = PBXBuildFile; productRef = A1000000000000000000D001 /* MaekbeatKit */; };
/* End PBXBuildFile section */

/* Begin PBXFileReference section */
		A1000000000000000000A001 /* MaekbeatApp.swift */ = {isa = PBXFileReference; lastKnownFileType = sourcecode.swift; path = MaekbeatApp.swift; sourceTree = "<group>"; };
		A1000000000000000000A002 /* Maekbeat.app */ = {isa = PBXFileReference; explicitFileType = wrapper.application; includeInIndex = 0; path = Maekbeat.app; sourceTree = BUILT_PRODUCTS_DIR; };
/* End PBXFileReference section */

/* Begin PBXFrameworksBuildPhase section */
		A1000000000000000000C001 /* Frameworks */ = {
			isa = PBXFrameworksBuildPhase;
			buildActionMask = 2147483647;
			files = (
				A1000000000000000000B002 /* MaekbeatKit in Frameworks */,
			);
			runOnlyForDeploymentPostprocessing = 0;
		};
/* End PBXFrameworksBuildPhase section */

/* Begin PBXGroup section */
		A1000000000000000000E001 = {
			isa = PBXGroup;
			children = (
				A1000000000000000000E002 /* App */,
				A1000000000000000000E003 /* Products */,
			);
			sourceTree = "<group>";
		};
		A1000000000000000000E002 /* App */ = {
			isa = PBXGroup;
			children = (
				A1000000000000000000A001 /* MaekbeatApp.swift */,
			);
			path = App;
			sourceTree = "<group>";
		};
		A1000000000000000000E003 /* Products */ = {
			isa = PBXGroup;
			children = (
				A1000000000000000000A002 /* Maekbeat.app */,
			);
			name = Products;
			sourceTree = "<group>";
		};
/* End PBXGroup section */

/* Begin PBXNativeTarget section */
		A1000000000000000000F001 /* Maekbeat */ = {
			isa = PBXNativeTarget;
			buildConfigurationList = A1000000000000000000C101 /* Build configuration list for PBXNativeTarget "Maekbeat" */;
			buildPhases = (
				A1000000000000000000C002 /* Sources */,
				A1000000000000000000C001 /* Frameworks */,
				A1000000000000000000C003 /* Resources */,
			);
			buildRules = (
			);
			dependencies = (
			);
			name = Maekbeat;
			packageProductDependencies = (
				A1000000000000000000D001 /* MaekbeatKit */,
			);
			productName = Maekbeat;
			productReference = A1000000000000000000A002 /* Maekbeat.app */;
			productType = "com.apple.product-type.application";
		};
/* End PBXNativeTarget section */

/* Begin PBXProject section */
		A1000000000000000000F000 /* Project object */ = {
			isa = PBXProject;
			attributes = {
				BuildIndependentTargetsInParallel = 1;
				LastSwiftUpdateCheck = 1500;
				LastUpgradeCheck = 1500;
				TargetAttributes = {
					A1000000000000000000F001 = {
						CreatedOnToolsVersion = 15.0;
					};
				};
			};
			buildConfigurationList = A1000000000000000000C100 /* Build configuration list for PBXProject "Maekbeat" */;
			compatibilityVersion = "Xcode 14.0";
			developmentRegion = en;
			hasScannedForEncodings = 0;
			knownRegions = (
				en,
				Base,
			);
			mainGroup = A1000000000000000000E001;
			packageReferences = (
				A1000000000000000000D000 /* XCLocalSwiftPackageReference "MaekbeatKit" */,
			);
			productRefGroup = A1000000000000000000E003 /* Products */;
			projectDirPath = "";
			projectRoot = "";
			targets = (
				A1000000000000000000F001 /* Maekbeat */,
			);
		};
/* End PBXProject section */

/* Begin PBXResourcesBuildPhase section */
		A1000000000000000000C003 /* Resources */ = {
			isa = PBXResourcesBuildPhase;
			buildActionMask = 2147483647;
			files = (
			);
			runOnlyForDeploymentPostprocessing = 0;
		};
/* End PBXResourcesBuildPhase section */

/* Begin PBXSourcesBuildPhase section */
		A1000000000000000000C002 /* Sources */ = {
			isa = PBXSourcesBuildPhase;
			buildActionMask = 2147483647;
			files = (
				A1000000000000000000B001 /* MaekbeatApp.swift in Sources */,
			);
			runOnlyForDeploymentPostprocessing = 0;
		};
/* End PBXSourcesBuildPhase section */

/* Begin XCBuildConfiguration section */
		A1000000000000000000C200 /* Debug */ = {
			isa = XCBuildConfiguration;
			buildSettings = {
				ALWAYS_SEARCH_USER_PATHS = NO;
				CLANG_ENABLE_OBJC_WEAK = YES;
				COPY_PHASE_STRIP = NO;
				DEBUG_INFORMATION_FORMAT = dwarf;
				ENABLE_STRICT_OBJC_MSGSEND = YES;
				ENABLE_TESTABILITY = YES;
				GCC_NO_COMMON_BLOCKS = YES;
				GCC_OPTIMIZATION_LEVEL = 0;
				IPHONEOS_DEPLOYMENT_TARGET = 17.0;
				MTL_ENABLE_DEBUG_INFO = INCLUDE_SOURCE;
				ONLY_ACTIVE_ARCH = YES;
				SDKROOT = iphoneos;
				SWIFT_ACTIVE_COMPILATION_CONDITIONS = DEBUG;
				SWIFT_OPTIMIZATION_LEVEL = "-Onone";
				SWIFT_VERSION = 5.0;
			};
			name = Debug;
		};
		A1000000000000000000C201 /* Release */ = {
			isa = XCBuildConfiguration;
			buildSettings = {
				ALWAYS_SEARCH_USER_PATHS = NO;
				CLANG_ENABLE_OBJC_WEAK = YES;
				COPY_PHASE_STRIP = NO;
				DEBUG_INFORMATION_FORMAT = "dwarf-with-dsym";
				ENABLE_NS_ASSERTIONS = NO;
				ENABLE_STRICT_OBJC_MSGSEND = YES;
				GCC_NO_COMMON_BLOCKS = YES;
				IPHONEOS_DEPLOYMENT_TARGET = 17.0;
				MTL_ENABLE_DEBUG_INFO = NO;
				SDKROOT = iphoneos;
				SWIFT_COMPILATION_MODE = wholemodule;
				SWIFT_VERSION = 5.0;
				VALIDATE_PRODUCT = YES;
			};
			name = Release;
		};
		A1000000000000000000C202 /* Debug */ = {
			isa = XCBuildConfiguration;
			buildSettings = {
				ASSETCATALOG_COMPILER_APPICON_NAME = "";
				CODE_SIGNING_ALLOWED = NO;
				CODE_SIGNING_REQUIRED = NO;
				CODE_SIGN_IDENTITY = "";
				CURRENT_PROJECT_VERSION = 1;
				ENABLE_PREVIEWS = YES;
				GENERATE_INFOPLIST_FILE = YES;
				INFOPLIST_KEY_NSBluetoothAlwaysUsageDescription = "Maekbeat links to a vitals peripheral over Bluetooth LE. No such peripheral exists yet; the app scans for the profile documented in docs/ble-gatt-profile.md.";
				INFOPLIST_KEY_UIApplicationSceneManifest_Generation = YES;
				INFOPLIST_KEY_UIBackgroundModes = "bluetooth-central";
				INFOPLIST_KEY_UILaunchScreen_Generation = YES;
				INFOPLIST_KEY_UISupportedInterfaceOrientations = "UIInterfaceOrientationPortrait UIInterfaceOrientationLandscapeLeft UIInterfaceOrientationLandscapeRight";
				MARKETING_VERSION = 0.1.0;
				PRODUCT_BUNDLE_IDENTIFIER = dev.maekbeat.app;
				PRODUCT_NAME = "$(TARGET_NAME)";
				SWIFT_EMIT_LOC_STRINGS = YES;
				TARGETED_DEVICE_FAMILY = "1,2";
			};
			name = Debug;
		};
		A1000000000000000000C203 /* Release */ = {
			isa = XCBuildConfiguration;
			buildSettings = {
				ASSETCATALOG_COMPILER_APPICON_NAME = "";
				CODE_SIGNING_ALLOWED = NO;
				CODE_SIGNING_REQUIRED = NO;
				CODE_SIGN_IDENTITY = "";
				CURRENT_PROJECT_VERSION = 1;
				ENABLE_PREVIEWS = YES;
				GENERATE_INFOPLIST_FILE = YES;
				INFOPLIST_KEY_NSBluetoothAlwaysUsageDescription = "Maekbeat links to a vitals peripheral over Bluetooth LE. No such peripheral exists yet; the app scans for the profile documented in docs/ble-gatt-profile.md.";
				INFOPLIST_KEY_UIApplicationSceneManifest_Generation = YES;
				INFOPLIST_KEY_UIBackgroundModes = "bluetooth-central";
				INFOPLIST_KEY_UILaunchScreen_Generation = YES;
				INFOPLIST_KEY_UISupportedInterfaceOrientations = "UIInterfaceOrientationPortrait UIInterfaceOrientationLandscapeLeft UIInterfaceOrientationLandscapeRight";
				MARKETING_VERSION = 0.1.0;
				PRODUCT_BUNDLE_IDENTIFIER = dev.maekbeat.app;
				PRODUCT_NAME = "$(TARGET_NAME)";
				SWIFT_EMIT_LOC_STRINGS = YES;
				TARGETED_DEVICE_FAMILY = "1,2";
			};
			name = Release;
		};
/* End XCBuildConfiguration section */

/* Begin XCConfigurationList section */
		A1000000000000000000C100 /* Build configuration list for PBXProject "Maekbeat" */ = {
			isa = XCConfigurationList;
			buildConfigurations = (
				A1000000000000000000C200 /* Debug */,
				A1000000000000000000C201 /* Release */,
			);
			defaultConfigurationIsVisible = 0;
			defaultConfigurationName = Release;
		};
		A1000000000000000000C101 /* Build configuration list for PBXNativeTarget "Maekbeat" */ = {
			isa = XCConfigurationList;
			buildConfigurations = (
				A1000000000000000000C202 /* Debug */,
				A1000000000000000000C203 /* Release */,
			);
			defaultConfigurationIsVisible = 0;
			defaultConfigurationName = Release;
		};
/* End XCConfigurationList section */

/* Begin XCLocalSwiftPackageReference section */
		A1000000000000000000D000 /* XCLocalSwiftPackageReference "MaekbeatKit" */ = {
			isa = XCLocalSwiftPackageReference;
			relativePath = MaekbeatKit;
		};
/* End XCLocalSwiftPackageReference section */

/* Begin XCSwiftPackageProductDependency section */
		A1000000000000000000D001 /* MaekbeatKit */ = {
			isa = XCSwiftPackageProductDependency;
			productName = MaekbeatKit;
		};
/* End XCSwiftPackageProductDependency section */
	};
	rootObject = A1000000000000000000F000 /* Project object */;
}
